
Microsoft Visual Studio Solution File, Format Version 12.00
# Visual Studio Version 16
VisualStudioVersion = 16.0.29806.167
MinimumVisualStudioVersion = 10.0.40219.1
Project("{FAE04EC0-301F-11D3-BF4B-00C04F79EFBC}") = "HelloWorldRevit", "HelloWorldRevit\HelloWorldRevit.csproj", "{51A65F43-5533-4FD3-9019-21BFF43C75F1}"
EndProject
Project("{FAE04EC0-301F-11D3-BF4B-00C04F79EFBC}") = "RetrieveInformation", "RetrieveInformation\RetrieveInformation.csproj", "{A5AA0688-EBA6-41B0-9485-FB8457A93B2B}"
EndProject
Project("{FAE04EC0-301F-11D3-BF4B-00C04F79EFBC}") = "ElementsCUD", "ElementsCUD\ElementsCUD.csproj", "{737876E8-A32C-447F-B835-6F2F95A8DA74}"
EndProject
Project("{FAE04EC0-301F-11D3-BF4B-00C04F79EFBC}") = "Installation", "Installation\Installation.csproj", "{40BC0F98-9DE3-4B47-8BE7-933BFB3D67CC}"
EndProject
Global
	GlobalSection(SolutionConfigurationPlatforms) = preSolution
		Debug|Any CPU = Debug|Any CPU
		Release|Any CPU = Release|Any CPU
	EndGlobalSection
	GlobalSection(ProjectConfigurationPlatforms) = postSolution
		{51A65F43-5533-4FD3-9019-21BFF43C75F1}.Debug|Any CPU.ActiveCfg = Debug|Any CPU
		{51A65F43-5533-4FD3-9019-21BFF43C75F1}.Debug|Any CPU.Build.0 = Debug|Any CPU
		{51A65F43-5533-4FD3-9019-21BFF43C75F1}.Release|Any CPU.ActiveCfg = Release|Any CPU
		{51A65F43-5533-4FD3-9019-21BFF43C75F1}.Release|Any CPU.Build.0 = Release|Any CPU
		{A5AA0688-EBA6-41B0-9485-FB8457A93B2B}.Debug|Any CPU.ActiveCfg = Debug|Any CPU
		{A5AA0688-EBA6-41B0-9485-FB8457A93B2B}.Debug|Any CPU.Build.0 = Debug|Any CPU
		{A5AA0688-EBA6-41B0-9485-FB8457A93B2B}.Release|Any CPU.ActiveCfg = Release|Any CPU
		{A5AA0688-EBA6-41B0-9485-FB8457A93B2B}.Release|Any CPU.Build.0 = Release|Any CPU
		{737876E8-A32C-447F-B835-6F2F95A8DA74}.Debug|Any CPU.ActiveCfg = Debug|Any CPU
		{737876E8-A32C-447F-B835-6F2F95A8DA74}.Debug|Any CPU.Build.0 = Debug|Any CPU
		{737876E8-A32C-447F-B835-6F2F95A8DA74}.Release|Any CPU.ActiveCfg = Release|Any CPU
		{737876E8-A32C-447F-B835-6F2F95A8DA74}.Release|Any CPU.Build.0 = Release|Any CPU
		{40BC0F98-9DE3-4B47-8BE7-933BFB3D67CC}.Debug|Any CPU.ActiveCfg = Debug|Any CPU
		{40BC0F98-9DE3-4B47-8BE7-933BFB3D67CC}.Debug|Any CPU.Build.0 = Debug|Any CPU
		{40BC0F98-9DE3-4B47-8BE7-933BFB3D67CC}.Release|Any CPU.ActiveCfg = Release|Any CPU
		{40BC0F98-9DE3-4B47-8BE7-933BFB3D67CC}.Release|Any CPU.Build.0 = Release|Any CPU
	EndGlobalSection
	GlobalSection(SolutionProperties) = preSolution
		HideSolutionNode = FALSE
	EndGlobalSection
	GlobalSection(ExtensibilityGlobals) = postSolution
		SolutionGuid = {9E336500-94B4-41AC-93D4-A559D4D175DB}
	EndGlobalSection
EndGlobal
